{
  "name": "datepickerx",
  "version": "1.1.1",
  "lockfileVersion": 1,
  "requires": true,
  "dependencies": {
    "add": {
      "version": "2.0.6",
      "resolved": "https://registry.npmjs.org/add/-/add-2.0.6.tgz",
      "integrity": "sha1-JI8Kn25aUo7yKV2+7DBTITCuIjU="
    },
    "just-validate": {
      "version": "3.2.2",
      "resolved": "https://registry.npmjs.org/just-validate/-/just-validate-3.2.2.tgz",
      "integrity": "sha512-j5iprzEuDyNl4H0YMhAmHi3O+GLC3418N3xQsjSt1jOZfXpo+I8GHTK1PaKmTN3ijjmKc3HBmewGEGeN9fm3xA=="
    },
    "yarn": {
      "version": "1.22.17",
      "resolved": "https://registry.npmjs.org/yarn/-/yarn-1.22.17.tgz",
      "integrity": "sha512-H0p241BXaH0UN9IeH//RT82tl5PfNraVpSpEoW+ET7lmopNC61eZ+A+IDvU8FM6Go5vx162SncDL8J1ZjRBriQ=="
    }
  }
}
